
Microsoft Visual Studio Solution File, Format Version 12.00
# Visual Studio 15
VisualStudioVersion = 15.0.27004.2006
MinimumVisualStudioVersion = 10.0.40219.1
Project("{FAE04EC0-301F-11D3-BF4B-00C04F79EFBC}") = "DSED-Project3-Races", "DSED-Project3-Races\DSED-Project3-Races.csproj", "{5D5E3F3E-D843-42CB-8329-49B3AE38F6EA}"
EndProject
Global
	GlobalSection(SolutionConfigurationPlatforms) = preSolution
		Debug|Any CPU = Debug|Any CPU
		Release|Any CPU = Release|Any CPU
	EndGlobalSection
	GlobalSection(ProjectConfigurationPlatforms) = postSolution
		{5D5E3F3E-D843-42CB-8329-49B3AE38F6EA}.Debug|Any CPU.ActiveCfg = Debug|Any CPU
		{5D5E3F3E-D843-42CB-8329-49B3AE38F6EA}.Debug|Any CPU.Build.0 = Debug|Any CPU
		{5D5E3F3E-D843-42CB-8329-49B3AE38F6EA}.Release|Any CPU.ActiveCfg = Release|Any CPU
		{5D5E3F3E-D843-42CB-8329-49B3AE38F6EA}.Release|Any CPU.Build.0 = Release|Any CPU
	EndGlobalSection
	GlobalSection(SolutionProperties) = preSolution
		HideSolutionNode = FALSE
	EndGlobalSection
	GlobalSection(ExtensibilityGlobals) = postSolution
		SolutionGuid = {CDABF058-576A-4C6B-BF36-736CEBE55478}
	EndGlobalSection
EndGlobal
